
Microsoft Visual Studio Solution File, Format Version 12.00
# Visual Studio Version 16
VisualStudioVersion = 16.0.31515.178
MinimumVisualStudioVersion = 10.0.40219.1
Project("{FAE04EC0-301F-11D3-BF4B-00C04F79EFBC}") = "Lesson 1 Task 1", "Lesson 1 Task 1\Lesson 1 Task 1.csproj", "{BCA93D64-ABA3-4729-A7E0-DB8182F48FB4}"
EndProject
Project("{2150E333-8FDC-42A3-9474-1A3956D46DE8}") = "Lesson 01", "Lesson 01", "{BFE98EBB-7C30-4D66-BCBB-0B66463D2A0A}"
EndProject
Project("{FAE04EC0-301F-11D3-BF4B-00C04F79EFBC}") = "Lesson 1 Task 2", "Lesson 1 Task 2\Lesson 1 Task 2.csproj", "{0EAEFF00-AAFF-4FA9-907E-9B38E08AB769}"
EndProject
Project("{FAE04EC0-301F-11D3-BF4B-00C04F79EFBC}") = "Lesson 1 Task 3", "Lesson 1 Task 3\Lesson 1 Task 3.csproj", "{2A5A3B03-DFD6-4E27-9F66-B891882F6A4D}"
EndProject
Project("{2150E333-8FDC-42A3-9474-1A3956D46DE8}") = "Lesson 02", "Lesson 02", "{24F498DF-E8AF-463B-9DEB-FAEF20379519}"
EndProject
Project("{FAE04EC0-301F-11D3-BF4B-00C04F79EFBC}") = "Lesson 2 Task 1", "Lesson 2 Task 1\Lesson 2 Task 1.csproj", "{A75C33C5-8E69-40BB-A2E5-68395BC81675}"
EndProject
Project("{FAE04EC0-301F-11D3-BF4B-00C04F79EFBC}") = "Lesson 2 Task 2", "Lesson 2 Task 2\Lesson 2 Task 2.csproj", "{217EAA0C-ED95-41F1-BF23-F5DAA07B7615}"
EndProject
Project("{FAE04EC0-301F-11D3-BF4B-00C04F79EFBC}") = "Lesson 2 Task 3", "Lesson 2 Task 3\Lesson 2 Task 3.csproj", "{F2BBED8F-6471-44CA-8A36-BB09BBB3257A}"
EndProject
Project("{2150E333-8FDC-42A3-9474-1A3956D46DE8}") = "Lesson 03", "Lesson 03", "{3A80AE25-BC9C-4B69-8C5D-A2EF7D748E1D}"
EndProject
Project("{FAE04EC0-301F-11D3-BF4B-00C04F79EFBC}") = "Lesson 3 Task 1", "Lesson 3 Task 1\Lesson 3 Task 1.csproj", "{50B641F6-2CE1-45D0-BAD1-0AB6052905C2}"
EndProject
Project("{FAE04EC0-301F-11D3-BF4B-00C04F79EFBC}") = "Lesson 3 Task 2", "Lesson 3 Task 2\Lesson 3 Task 2.csproj", "{5953EE7E-9B6B-4BF9-BCDD-305197B45DD0}"
EndProject
Project("{FAE04EC0-301F-11D3-BF4B-00C04F79EFBC}") = "Lesson 3 Task 3", "Lesson 3 Task 3\Lesson 3 Task 3.csproj", "{3BBF988B-E3BD-4534-B396-88D9FB602EF5}"
EndProject
Project("{2150E333-8FDC-42A3-9474-1A3956D46DE8}") = "Lesson 04", "Lesson 04", "{C0EB190D-1FF1-445F-8463-43864BB500DF}"
EndProject
Project("{FAE04EC0-301F-11D3-BF4B-00C04F79EFBC}") = "Lesson 4 Task 1", "Lesson 4 Task 1\Lesson 4 Task 1.csproj", "{54550FA2-91BA-4AF6-AD49-53A9CE067A86}"
EndProject
Project("{FAE04EC0-301F-11D3-BF4B-00C04F79EFBC}") = "Lesson 4 Task 2", "Lesson 4 Task 2\Lesson 4 Task 2.csproj", "{3B0C52FE-7DBD-45DC-A94C-16FE79B5BE3C}"
EndProject
Project("{2150E333-8FDC-42A3-9474-1A3956D46DE8}") = "Lesson 05", "Lesson 05", "{956E299E-151D-4E17-8CED-C22E4DC6BF73}"
EndProject
Project("{FAE04EC0-301F-11D3-BF4B-00C04F79EFBC}") = "Lesson 5 Task 1", "Lesson 5 Task 1\Lesson 5 Task 1.csproj", "{B537F340-4736-428C-8C42-FACBB7CA4702}"
EndProject
Project("{FAE04EC0-301F-11D3-BF4B-00C04F79EFBC}") = "Lesson 5 Task 2", "Lesson 5 Task 2\Lesson 5 Task 2.csproj", "{93C4E976-CF06-4B58-9AF8-0BABD6BB3853}"
EndProject
Project("{2150E333-8FDC-42A3-9474-1A3956D46DE8}") = "Lesson 06", "Lesson 06", "{B2313E30-BBBC-4B0C-98E2-46723B6DDD6E}"
EndProject
Project("{FAE04EC0-301F-11D3-BF4B-00C04F79EFBC}") = "Lesson 6 Task 1", "Lesson 6 Task 1\Lesson 6 Task 1.csproj", "{0973157F-971B-4DB5-B9EC-A804CF42CD8D}"
EndProject
Project("{FAE04EC0-301F-11D3-BF4B-00C04F79EFBC}") = "Lesson 5 Task 3", "Lesson 5 Task 3\Lesson 5 Task 3.csproj", "{61406977-9BB8-4EC2-B81D-35F7439509D8}"
EndProject
Project("{FAE04EC0-301F-11D3-BF4B-00C04F79EFBC}") = "Lesson 5 Indexers", "Lesson 5 Indexers\Lesson 5 Indexers.csproj", "{8BC94F15-E7E5-41E5-A671-73F9F1CB43D5}"
EndProject
Project("{FAE04EC0-301F-11D3-BF4B-00C04F79EFBC}") = "Lesson 6 Task 2", "Lesson 6 Task 2\Lesson 6 Task 2.csproj", "{6D9997EB-397C-4050-BB61-14B717382F47}"
EndProject
Project("{FAE04EC0-301F-11D3-BF4B-00C04F79EFBC}") = "Lesson 6 Task 3", "Lesson 6 Task 3\Lesson 6 Task 3.csproj", "{D068BC40-9D9F-41F4-A3EB-2734572FCA2A}"
EndProject
Project("{2150E333-8FDC-42A3-9474-1A3956D46DE8}") = "Lesson 07", "Lesson 07", "{F9DBE272-AB64-4388-97EB-0892E4947649}"
EndProject
Project("{FAE04EC0-301F-11D3-BF4B-00C04F79EFBC}") = "Lesson 7 Task 1", "Lesson 7 Task 1\Lesson 7 Task 1.csproj", "{CE2B614D-EE7A-40EC-9E42-A5BF0F4BA6EF}"
EndProject
Project("{FAE04EC0-301F-11D3-BF4B-00C04F79EFBC}") = "Lesson 7 Task 2", "Lesson 7 Task 2\Lesson 7 Task 2.csproj", "{E131D9B5-D7F5-45A2-8A1E-899F375D5AAB}"
EndProject
Project("{2150E333-8FDC-42A3-9474-1A3956D46DE8}") = "Lesson 08", "Lesson 08", "{2382D88C-B085-471F-B1D5-E9165C51C3EC}"
EndProject
Project("{FAE04EC0-301F-11D3-BF4B-00C04F79EFBC}") = "Lesson 8 Task 1", "Lesson 8 Task 1\Lesson 8 Task 1.csproj", "{A66DB7B9-6FA6-42C0-897A-3EFCE7DC14A0}"
EndProject
Project("{FAE04EC0-301F-11D3-BF4B-00C04F79EFBC}") = "Lesson 8 Task 2", "Lesson 8 Task 2\Lesson 8 Task 2.csproj", "{F3F184EF-B157-4D5B-9B6A-4E35FEC00C0E}"
EndProject
Project("{2150E333-8FDC-42A3-9474-1A3956D46DE8}") = "Lesson 09", "Lesson 09", "{F6D62340-5900-4A26-AF48-99481AC15A21}"
EndProject
Project("{FAE04EC0-301F-11D3-BF4B-00C04F79EFBC}") = "Lesson 9 Task 1", "Lesson 9 Task 1\Lesson 9 Task 1.csproj", "{D86232E9-B0EF-4885-A40A-A9AE384DCC5B}"
EndProject
Project("{FAE04EC0-301F-11D3-BF4B-00C04F79EFBC}") = "Lesson 9 Task 2", "Lesson 9 Task 2\Lesson 9 Task 2.csproj", "{A87114E6-0E43-42F9-B0A2-526275A1BA15}"
EndProject
Project("{2150E333-8FDC-42A3-9474-1A3956D46DE8}") = "Lesson 10", "Lesson 10", "{640BBA44-7AF6-447C-B1B7-EF1466094F34}"
EndProject
Project("{FAE04EC0-301F-11D3-BF4B-00C04F79EFBC}") = "Lesson 10 Task 1", "Lesson 10 Task 1\Lesson 10 Task 1.csproj", "{A05B3A58-713B-4BB6-A76D-D78E3819B032}"
EndProject
Project("{FAE04EC0-301F-11D3-BF4B-00C04F79EFBC}") = "Lesson 10 Task 2", "Lesson 10 Task 2\Lesson 10 Task 2.csproj", "{289C7775-D2C4-4E87-823D-B703D20D9F3A}"
EndProject
Project("{2150E333-8FDC-42A3-9474-1A3956D46DE8}") = "Lesson 11", "Lesson 11", "{DB5A17F6-610F-4456-99AC-62B094B7C330}"
EndProject
Project("{FAE04EC0-301F-11D3-BF4B-00C04F79EFBC}") = "Lesson 11 Task 1", "Lesson 11 Task 1\Lesson 11 Task 1.csproj", "{7CA3ED3F-8C0F-46CC-923D-36E3477ED0A5}"
EndProject
Project("{FAE04EC0-301F-11D3-BF4B-00C04F79EFBC}") = "Lesson 11 Task 2", "Lesson 11 Task 2\Lesson 11 Task 2.csproj", "{AED29922-973B-40D4-A0D1-1A2C0D7CCAE1}"
EndProject
Project("{FAE04EC0-301F-11D3-BF4B-00C04F79EFBC}") = "Lesson 11 Task 3", "Lesson 11 Task 3\Lesson 11 Task 3.csproj", "{7EA8B42A-5BE2-476D-9BE8-DEEE11F67108}"
EndProject
Project("{2150E333-8FDC-42A3-9474-1A3956D46DE8}") = "Lesson 12", "Lesson 12", "{A722D38A-E8CB-43CC-B4B5-BABDD84A8F26}"
EndProject
Project("{FAE04EC0-301F-11D3-BF4B-00C04F79EFBC}") = "Events", "Lesson 12 Task 1\Events.csproj", "{5EA306E7-5BBA-4605-A902-5B5FFB4C279E}"
EndProject
Project("{2150E333-8FDC-42A3-9474-1A3956D46DE8}") = "Lesson 13", "Lesson 13", "{7C0CA2B4-63E0-4725-9FE1-61A76100CE61}"
EndProject
Project("{FAE04EC0-301F-11D3-BF4B-00C04F79EFBC}") = "Lesson 13 Task 1", "Lesson 13 Task 1\Lesson 13 Task 1.csproj", "{C4D7AF4A-109E-4EBB-A045-E4F4EC78875E}"
EndProject
Project("{2150E333-8FDC-42A3-9474-1A3956D46DE8}") = "Lesson 15", "Lesson 15", "{175E3352-F154-4A46-95D9-92A2F93AD029}"
EndProject
Project("{FAE04EC0-301F-11D3-BF4B-00C04F79EFBC}") = "Lesson 15 Task 1", "Lesson 15 Task 1\Lesson 15 Task 1.csproj", "{5FE9A826-1D56-420F-8843-267668EA79D8}"
EndProject
Project("{FAE04EC0-301F-11D3-BF4B-00C04F79EFBC}") = "Lesson 15 Task 2", "Lesson 15 Task 2\Lesson 15 Task 2.csproj", "{502AC966-1FCE-4299-9A39-72B7F7998EC0}"
EndProject
Project("{2150E333-8FDC-42A3-9474-1A3956D46DE8}") = "Lesson 14", "Lesson 14", "{96E2E116-6A68-4612-9B30-D48301C7DDE5}"
EndProject
Project("{FAE04EC0-301F-11D3-BF4B-00C04F79EFBC}") = "Lesson 14 Task 1", "Lesson 14 Task 1\Lesson 14 Task 1.csproj", "{A380967F-1972-411D-83F8-7A014606226D}"
EndProject
Project("{2150E333-8FDC-42A3-9474-1A3956D46DE8}") = "Lesson 16", "Lesson 16", "{0CE9813A-F1E9-45BF-B7B7-6465B17F38CD}"
EndProject
Project("{FAE04EC0-301F-11D3-BF4B-00C04F79EFBC}") = "Lesson 16 Task 1", "Lesson 16 Task 1\Lesson 16 Task 1.csproj", "{110D3306-1CDD-474E-A47C-9589F35C6A56}"
EndProject
Project("{FAE04EC0-301F-11D3-BF4B-00C04F79EFBC}") = "Lesson 16 Task 2", "Lesson 16 Task 2\Lesson 16 Task 2.csproj", "{A50F50F8-F994-42CA-9A5D-395D7AE1E938}"
EndProject
Project("{FAE04EC0-301F-11D3-BF4B-00C04F79EFBC}") = "Lesson 16 Task 3", "Lesson 16 Task 3\Lesson 16 Task 3.csproj", "{B5459FDE-1D79-4E56-8DA8-8896AF4CD22A}"
EndProject
Project("{2150E333-8FDC-42A3-9474-1A3956D46DE8}") = "Lesson 17", "Lesson 17", "{B7DF1023-3D3E-4A9F-8673-933FE13076D5}"
EndProject
Project("{FAE04EC0-301F-11D3-BF4B-00C04F79EFBC}") = "Lesson 17 Task 1", "Lesson 17 Task 1\Lesson 17 Task 1.csproj", "{2025AC55-C47D-4943-A263-620079405399}"
EndProject
Project("{FAE04EC0-301F-11D3-BF4B-00C04F79EFBC}") = "Lesson 17 Task 2", "Lesson 17 Task 2\Lesson 17 Task 2.csproj", "{B9DAA472-C1DF-4E98-B0B5-41A6EBF42312}"
EndProject
Project("{2150E333-8FDC-42A3-9474-1A3956D46DE8}") = "Lesson 18", "Lesson 18", "{0B1FC4F5-594F-4423-BEA3-062842886CEF}"
EndProject
Project("{FAE04EC0-301F-11D3-BF4B-00C04F79EFBC}") = "Lesson 18 Task 1", "Lesson 18 Task 1\Lesson 18 Task 1.csproj", "{5E4B5BE3-A765-4B7B-94BF-1CB74BF9DE33}"
EndProject
Project("{FAE04EC0-301F-11D3-BF4B-00C04F79EFBC}") = "Lesson 14 Task 2", "Lesson 14 Task 2\Lesson 14 Task 2.csproj", "{D4BD49BF-44E8-4B48-B75A-22C75C4A5A99}"
EndProject
Project("{FAE04EC0-301F-11D3-BF4B-00C04F79EFBC}") = "Lesson 18 Task 2", "Lesson 18 Task 2\Lesson 18 Task 2.csproj", "{97FA7920-2CE0-43F8-8695-742A017333C4}"
EndProject
Project("{FAE04EC0-301F-11D3-BF4B-00C04F79EFBC}") = "Lesson 18 Task 2 External Assembly", "Lesson 18 Task 2 External Assembly\Lesson 18 Task 2 External Assembly.csproj", "{95310ECC-935A-48C2-B2E2-19B4F77DF144}"
EndProject
Global
	GlobalSection(SolutionConfigurationPlatforms) = preSolution
		Debug|Any CPU = Debug|Any CPU
		Debug|x86 = Debug|x86
		Release|Any CPU = Release|Any CPU
		Release|x86 = Release|x86
	EndGlobalSection
	GlobalSection(ProjectConfigurationPlatforms) = postSolution
		{BCA93D64-ABA3-4729-A7E0-DB8182F48FB4}.Debug|Any CPU.ActiveCfg = Debug|Any CPU
		{BCA93D64-ABA3-4729-A7E0-DB8182F48FB4}.Debug|Any CPU.Build.0 = Debug|Any CPU
		{BCA93D64-ABA3-4729-A7E0-DB8182F48FB4}.Debug|x86.ActiveCfg = Debug|Any CPU
		{BCA93D64-ABA3-4729-A7E0-DB8182F48FB4}.Debug|x86.Build.0 = Debug|Any CPU
		{BCA93D64-ABA3-4729-A7E0-DB8182F48FB4}.Release|Any CPU.ActiveCfg = Release|Any CPU
		{BCA93D64-ABA3-4729-A7E0-DB8182F48FB4}.Release|Any CPU.Build.0 = Release|Any CPU
		{BCA93D64-ABA3-4729-A7E0-DB8182F48FB4}.Release|x86.ActiveCfg = Release|Any CPU
		{BCA93D64-ABA3-4729-A7E0-DB8182F48FB4}.Release|x86.Build.0 = Release|Any CPU
		{0EAEFF00-AAFF-4FA9-907E-9B38E08AB769}.Debug|Any CPU.ActiveCfg = Debug|Any CPU
		{0EAEFF00-AAFF-4FA9-907E-9B38E08AB769}.Debug|Any CPU.Build.0 = Debug|Any CPU
		{0EAEFF00-AAFF-4FA9-907E-9B38E08AB769}.Debug|x86.ActiveCfg = Debug|Any CPU
		{0EAEFF00-AAFF-4FA9-907E-9B38E08AB769}.Debug|x86.Build.0 = Debug|Any CPU
		{0EAEFF00-AAFF-4FA9-907E-9B38E08AB769}.Release|Any CPU.ActiveCfg = Release|Any CPU
		{0EAEFF00-AAFF-4FA9-907E-9B38E08AB769}.Release|Any CPU.Build.0 = Release|Any CPU
		{0EAEFF00-AAFF-4FA9-907E-9B38E08AB769}.Release|x86.ActiveCfg = Release|Any CPU
		{0EAEFF00-AAFF-4FA9-907E-9B38E08AB769}.Release|x86.Build.0 = Release|Any CPU
		{2A5A3B03-DFD6-4E27-9F66-B891882F6A4D}.Debug|Any CPU.ActiveCfg = Debug|Any CPU
		{2A5A3B03-DFD6-4E27-9F66-B891882F6A4D}.Debug|Any CPU.Build.0 = Debug|Any CPU
		{2A5A3B03-DFD6-4E27-9F66-B891882F6A4D}.Debug|x86.ActiveCfg = Debug|Any CPU
		{2A5A3B03-DFD6-4E27-9F66-B891882F6A4D}.Debug|x86.Build.0 = Debug|Any CPU
		{2A5A3B03-DFD6-4E27-9F66-B891882F6A4D}.Release|Any CPU.ActiveCfg = Release|Any CPU
		{2A5A3B03-DFD6-4E27-9F66-B891882F6A4D}.Release|Any CPU.Build.0 = Release|Any CPU
		{2A5A3B03-DFD6-4E27-9F66-B891882F6A4D}.Release|x86.ActiveCfg = Release|Any CPU
		{2A5A3B03-DFD6-4E27-9F66-B891882F6A4D}.Release|x86.Build.0 = Release|Any CPU
		{A75C33C5-8E69-40BB-A2E5-68395BC81675}.Debug|Any CPU.ActiveCfg = Debug|Any CPU
		{A75C33C5-8E69-40BB-A2E5-68395BC81675}.Debug|Any CPU.Build.0 = Debug|Any CPU
		{A75C33C5-8E69-40BB-A2E5-68395BC81675}.Debug|x86.ActiveCfg = Debug|Any CPU
		{A75C33C5-8E69-40BB-A2E5-68395BC81675}.Debug|x86.Build.0 = Debug|Any CPU
		{A75C33C5-8E69-40BB-A2E5-68395BC81675}.Release|Any CPU.ActiveCfg = Release|Any CPU
		{A75C33C5-8E69-40BB-A2E5-68395BC81675}.Release|Any CPU.Build.0 = Release|Any CPU
		{A75C33C5-8E69-40BB-A2E5-68395BC81675}.Release|x86.ActiveCfg = Release|Any CPU
		{A75C33C5-8E69-40BB-A2E5-68395BC81675}.Release|x86.Build.0 = Release|Any CPU
		{217EAA0C-ED95-41F1-BF23-F5DAA07B7615}.Debug|Any CPU.ActiveCfg = Debug|Any CPU
		{217EAA0C-ED95-41F1-BF23-F5DAA07B7615}.Debug|Any CPU.Build.0 = Debug|Any CPU
		{217EAA0C-ED95-41F1-BF23-F5DAA07B7615}.Debug|x86.ActiveCfg = Debug|Any CPU
		{217EAA0C-ED95-41F1-BF23-F5DAA07B7615}.Debug|x86.Build.0 = Debug|Any CPU
		{217EAA0C-ED95-41F1-BF23-F5DAA07B7615}.Release|Any CPU.ActiveCfg = Release|Any CPU
		{217EAA0C-ED95-41F1-BF23-F5DAA07B7615}.Release|Any CPU.Build.0 = Release|Any CPU
		{217EAA0C-ED95-41F1-BF23-F5DAA07B7615}.Release|x86.ActiveCfg = Release|Any CPU
		{217EAA0C-ED95-41F1-BF23-F5DAA07B7615}.Release|x86.Build.0 = Release|Any CPU
		{F2BBED8F-6471-44CA-8A36-BB09BBB3257A}.Debug|Any CPU.ActiveCfg = Debug|Any CPU
		{F2BBED8F-6471-44CA-8A36-BB09BBB3257A}.Debug|Any CPU.Build.0 = Debug|Any CPU
		{F2BBED8F-6471-44CA-8A36-BB09BBB3257A}.Debug|x86.ActiveCfg = Debug|Any CPU
		{F2BBED8F-6471-44CA-8A36-BB09BBB3257A}.Debug|x86.Build.0 = Debug|Any CPU
		{F2BBED8F-6471-44CA-8A36-BB09BBB3257A}.Release|Any CPU.ActiveCfg = Release|Any CPU
		{F2BBED8F-6471-44CA-8A36-BB09BBB3257A}.Release|Any CPU.Build.0 = Release|Any CPU
		{F2BBED8F-6471-44CA-8A36-BB09BBB3257A}.Release|x86.ActiveCfg = Release|Any CPU
		{F2BBED8F-6471-44CA-8A36-BB09BBB3257A}.Release|x86.Build.0 = Release|Any CPU
		{50B641F6-2CE1-45D0-BAD1-0AB6052905C2}.Debug|Any CPU.ActiveCfg = Debug|Any CPU
		{50B641F6-2CE1-45D0-BAD1-0AB6052905C2}.Debug|Any CPU.Build.0 = Debug|Any CPU
		{50B641F6-2CE1-45D0-BAD1-0AB6052905C2}.Debug|x86.ActiveCfg = Debug|Any CPU
		{50B641F6-2CE1-45D0-BAD1-0AB6052905C2}.Debug|x86.Build.0 = Debug|Any CPU
		{50B641F6-2CE1-45D0-BAD1-0AB6052905C2}.Release|Any CPU.ActiveCfg = Release|Any CPU
		{50B641F6-2CE1-45D0-BAD1-0AB6052905C2}.Release|Any CPU.Build.0 = Release|Any CPU
		{50B641F6-2CE1-45D0-BAD1-0AB6052905C2}.Release|x86.ActiveCfg = Release|Any CPU
		{50B641F6-2CE1-45D0-BAD1-0AB6052905C2}.Release|x86.Build.0 = Release|Any CPU
		{5953EE7E-9B6B-4BF9-BCDD-305197B45DD0}.Debug|Any CPU.ActiveCfg = Debug|Any CPU
		{5953EE7E-9B6B-4BF9-BCDD-305197B45DD0}.Debug|Any CPU.Build.0 = Debug|Any CPU
		{5953EE7E-9B6B-4BF9-BCDD-305197B45DD0}.Debug|x86.ActiveCfg = Debug|Any CPU
		{5953EE7E-9B6B-4BF9-BCDD-305197B45DD0}.Debug|x86.Build.0 = Debug|Any CPU
		{5953EE7E-9B6B-4BF9-BCDD-305197B45DD0}.Release|Any CPU.ActiveCfg = Release|Any CPU
		{5953EE7E-9B6B-4BF9-BCDD-305197B45DD0}.Release|Any CPU.Build.0 = Release|Any CPU
		{5953EE7E-9B6B-4BF9-BCDD-305197B45DD0}.Release|x86.ActiveCfg = Release|Any CPU
		{5953EE7E-9B6B-4BF9-BCDD-305197B45DD0}.Release|x86.Build.0 = Release|Any CPU
		{3BBF988B-E3BD-4534-B396-88D9FB602EF5}.Debug|Any CPU.ActiveCfg = Debug|Any CPU
		{3BBF988B-E3BD-4534-B396-88D9FB602EF5}.Debug|Any CPU.Build.0 = Debug|Any CPU
		{3BBF988B-E3BD-4534-B396-88D9FB602EF5}.Debug|x86.ActiveCfg = Debug|Any CPU
		{3BBF988B-E3BD-4534-B396-88D9FB602EF5}.Debug|x86.Build.0 = Debug|Any CPU
		{3BBF988B-E3BD-4534-B396-88D9FB602EF5}.Release|Any CPU.ActiveCfg = Release|Any CPU
		{3BBF988B-E3BD-4534-B396-88D9FB602EF5}.Release|Any CPU.Build.0 = Release|Any CPU
		{3BBF988B-E3BD-4534-B396-88D9FB602EF5}.Release|x86.ActiveCfg = Release|Any CPU
		{3BBF988B-E3BD-4534-B396-88D9FB602EF5}.Release|x86.Build.0 = Release|Any CPU
		{54550FA2-91BA-4AF6-AD49-53A9CE067A86}.Debug|Any CPU.ActiveCfg = Debug|Any CPU
		{54550FA2-91BA-4AF6-AD49-53A9CE067A86}.Debug|Any CPU.Build.0 = Debug|Any CPU
		{54550FA2-91BA-4AF6-AD49-53A9CE067A86}.Debug|x86.ActiveCfg = Debug|Any CPU
		{54550FA2-91BA-4AF6-AD49-53A9CE067A86}.Debug|x86.Build.0 = Debug|Any CPU
		{54550FA2-91BA-4AF6-AD49-53A9CE067A86}.Release|Any CPU.ActiveCfg = Release|Any CPU
		{54550FA2-91BA-4AF6-AD49-53A9CE067A86}.Release|Any CPU.Build.0 = Release|Any CPU
		{54550FA2-91BA-4AF6-AD49-53A9CE067A86}.Release|x86.ActiveCfg = Release|Any CPU
		{54550FA2-91BA-4AF6-AD49-53A9CE067A86}.Release|x86.Build.0 = Release|Any CPU
		{3B0C52FE-7DBD-45DC-A94C-16FE79B5BE3C}.Debug|Any CPU.ActiveCfg = Debug|Any CPU
		{3B0C52FE-7DBD-45DC-A94C-16FE79B5BE3C}.Debug|Any CPU.Build.0 = Debug|Any CPU
		{3B0C52FE-7DBD-45DC-A94C-16FE79B5BE3C}.Debug|x86.ActiveCfg = Debug|Any CPU
		{3B0C52FE-7DBD-45DC-A94C-16FE79B5BE3C}.Debug|x86.Build.0 = Debug|Any CPU
		{3B0C52FE-7DBD-45DC-A94C-16FE79B5BE3C}.Release|Any CPU.ActiveCfg = Release|Any CPU
		{3B0C52FE-7DBD-45DC-A94C-16FE79B5BE3C}.Release|Any CPU.Build.0 = Release|Any CPU
		{3B0C52FE-7DBD-45DC-A94C-16FE79B5BE3C}.Release|x86.ActiveCfg = Release|Any CPU
		{3B0C52FE-7DBD-45DC-A94C-16FE79B5BE3C}.Release|x86.Build.0 = Release|Any CPU
		{B537F340-4736-428C-8C42-FACBB7CA4702}.Debug|Any CPU.ActiveCfg = Debug|Any CPU
		{B537F340-4736-428C-8C42-FACBB7CA4702}.Debug|Any CPU.Build.0 = Debug|Any CPU
		{B537F340-4736-428C-8C42-FACBB7CA4702}.Debug|x86.ActiveCfg = Debug|Any CPU
		{B537F340-4736-428C-8C42-FACBB7CA4702}.Debug|x86.Build.0 = Debug|Any CPU
		{B537F340-4736-428C-8C42-FACBB7CA4702}.Release|Any CPU.ActiveCfg = Release|Any CPU
		{B537F340-4736-428C-8C42-FACBB7CA4702}.Release|Any CPU.Build.0 = Release|Any CPU
		{B537F340-4736-428C-8C42-FACBB7CA4702}.Release|x86.ActiveCfg = Release|Any CPU
		{B537F340-4736-428C-8C42-FACBB7CA4702}.Release|x86.Build.0 = Release|Any CPU
		{93C4E976-CF06-4B58-9AF8-0BABD6BB3853}.Debug|Any CPU.ActiveCfg = Debug|Any CPU
		{93C4E976-CF06-4B58-9AF8-0BABD6BB3853}.Debug|Any CPU.Build.0 = Debug|Any CPU
		{93C4E976-CF06-4B58-9AF8-0BABD6BB3853}.Debug|x86.ActiveCfg = Debug|Any CPU
		{93C4E976-CF06-4B58-9AF8-0BABD6BB3853}.Debug|x86.Build.0 = Debug|Any CPU
		{93C4E976-CF06-4B58-9AF8-0BABD6BB3853}.Release|Any CPU.ActiveCfg = Release|Any CPU
		{93C4E976-CF06-4B58-9AF8-0BABD6BB3853}.Release|Any CPU.Build.0 = Release|Any CPU
		{93C4E976-CF06-4B58-9AF8-0BABD6BB3853}.Release|x86.ActiveCfg = Release|Any CPU
		{93C4E976-CF06-4B58-9AF8-0BABD6BB3853}.Release|x86.Build.0 = Release|Any CPU
		{0973157F-971B-4DB5-B9EC-A804CF42CD8D}.Debug|Any CPU.ActiveCfg = Debug|Any CPU
		{0973157F-971B-4DB5-B9EC-A804CF42CD8D}.Debug|Any CPU.Build.0 = Debug|Any CPU
		{0973157F-971B-4DB5-B9EC-A804CF42CD8D}.Debug|x86.ActiveCfg = Debug|Any CPU
		{0973157F-971B-4DB5-B9EC-A804CF42CD8D}.Debug|x86.Build.0 = Debug|Any CPU
		{0973157F-971B-4DB5-B9EC-A804CF42CD8D}.Release|Any CPU.ActiveCfg = Release|Any CPU
		{0973157F-971B-4DB5-B9EC-A804CF42CD8D}.Release|Any CPU.Build.0 = Release|Any CPU
		{0973157F-971B-4DB5-B9EC-A804CF42CD8D}.Release|x86.ActiveCfg = Release|Any CPU
		{0973157F-971B-4DB5-B9EC-A804CF42CD8D}.Release|x86.Build.0 = Release|Any CPU
		{61406977-9BB8-4EC2-B81D-35F7439509D8}.Debug|Any CPU.ActiveCfg = Debug|Any CPU
		{61406977-9BB8-4EC2-B81D-35F7439509D8}.Debug|Any CPU.Build.0 = Debug|Any CPU
		{61406977-9BB8-4EC2-B81D-35F7439509D8}.Debug|x86.ActiveCfg = Debug|Any CPU
		{61406977-9BB8-4EC2-B81D-35F7439509D8}.Debug|x86.Build.0 = Debug|Any CPU
		{61406977-9BB8-4EC2-B81D-35F7439509D8}.Release|Any CPU.ActiveCfg = Release|Any CPU
		{61406977-9BB8-4EC2-B81D-35F7439509D8}.Release|Any CPU.Build.0 = Release|Any CPU
		{61406977-9BB8-4EC2-B81D-35F7439509D8}.Release|x86.ActiveCfg = Release|Any CPU
		{61406977-9BB8-4EC2-B81D-35F7439509D8}.Release|x86.Build.0 = Release|Any CPU
		{8BC94F15-E7E5-41E5-A671-73F9F1CB43D5}.Debug|Any CPU.ActiveCfg = Debug|Any CPU
		{8BC94F15-E7E5-41E5-A671-73F9F1CB43D5}.Debug|Any CPU.Build.0 = Debug|Any CPU
		{8BC94F15-E7E5-41E5-A671-73F9F1CB43D5}.Debug|x86.ActiveCfg = Debug|Any CPU
		{8BC94F15-E7E5-41E5-A671-73F9F1CB43D5}.Debug|x86.Build.0 = Debug|Any CPU
		{8BC94F15-E7E5-41E5-A671-73F9F1CB43D5}.Release|Any CPU.ActiveCfg = Release|Any CPU
		{8BC94F15-E7E5-41E5-A671-73F9F1CB43D5}.Release|Any CPU.Build.0 = Release|Any CPU
		{8BC94F15-E7E5-41E5-A671-73F9F1CB43D5}.Release|x86.ActiveCfg = Release|Any CPU
		{8BC94F15-E7E5-41E5-A671-73F9F1CB43D5}.Release|x86.Build.0 = Release|Any CPU
		{6D9997EB-397C-4050-BB61-14B717382F47}.Debug|Any CPU.ActiveCfg = Debug|Any CPU
		{6D9997EB-397C-4050-BB61-14B717382F47}.Debug|Any CPU.Build.0 = Debug|Any CPU
		{6D9997EB-397C-4050-BB61-14B717382F47}.Debug|x86.ActiveCfg = Debug|Any CPU
		{6D9997EB-397C-4050-BB61-14B717382F47}.Debug|x86.Build.0 = Debug|Any CPU
		{6D9997EB-397C-4050-BB61-14B717382F47}.Release|Any CPU.ActiveCfg = Release|Any CPU
		{6D9997EB-397C-4050-BB61-14B717382F47}.Release|Any CPU.Build.0 = Release|Any CPU
		{6D9997EB-397C-4050-BB61-14B717382F47}.Release|x86.ActiveCfg = Release|Any CPU
		{6D9997EB-397C-4050-BB61-14B717382F47}.Release|x86.Build.0 = Release|Any CPU
		{D068BC40-9D9F-41F4-A3EB-2734572FCA2A}.Debug|Any CPU.ActiveCfg = Debug|Any CPU
		{D068BC40-9D9F-41F4-A3EB-2734572FCA2A}.Debug|Any CPU.Build.0 = Debug|Any CPU
		{D068BC40-9D9F-41F4-A3EB-2734572FCA2A}.Debug|x86.ActiveCfg = Debug|Any CPU
		{D068BC40-9D9F-41F4-A3EB-2734572FCA2A}.Debug|x86.Build.0 = Debug|Any CPU
		{D068BC40-9D9F-41F4-A3EB-2734572FCA2A}.Release|Any CPU.ActiveCfg = Release|Any CPU
		{D068BC40-9D9F-41F4-A3EB-2734572FCA2A}.Release|Any CPU.Build.0 = Release|Any CPU
		{D068BC40-9D9F-41F4-A3EB-2734572FCA2A}.Release|x86.ActiveCfg = Release|Any CPU
		{D068BC40-9D9F-41F4-A3EB-2734572FCA2A}.Release|x86.Build.0 = Release|Any CPU
		{CE2B614D-EE7A-40EC-9E42-A5BF0F4BA6EF}.Debug|Any CPU.ActiveCfg = Debug|Any CPU
		{CE2B614D-EE7A-40EC-9E42-A5BF0F4BA6EF}.Debug|Any CPU.Build.0 = Debug|Any CPU
		{CE2B614D-EE7A-40EC-9E42-A5BF0F4BA6EF}.Debug|x86.ActiveCfg = Debug|Any CPU
		{CE2B614D-EE7A-40EC-9E42-A5BF0F4BA6EF}.Debug|x86.Build.0 = Debug|Any CPU
		{CE2B614D-EE7A-40EC-9E42-A5BF0F4BA6EF}.Release|Any CPU.ActiveCfg = Release|Any CPU
		{CE2B614D-EE7A-40EC-9E42-A5BF0F4BA6EF}.Release|Any CPU.Build.0 = Release|Any CPU
		{CE2B614D-EE7A-40EC-9E42-A5BF0F4BA6EF}.Release|x86.ActiveCfg = Release|Any CPU
		{CE2B614D-EE7A-40EC-9E42-A5BF0F4BA6EF}.Release|x86.Build.0 = Release|Any CPU
		{E131D9B5-D7F5-45A2-8A1E-899F375D5AAB}.Debug|Any CPU.ActiveCfg = Debug|Any CPU
		{E131D9B5-D7F5-45A2-8A1E-899F375D5AAB}.Debug|Any CPU.Build.0 = Debug|Any CPU
		{E131D9B5-D7F5-45A2-8A1E-899F375D5AAB}.Debug|x86.ActiveCfg = Debug|Any CPU
		{E131D9B5-D7F5-45A2-8A1E-899F375D5AAB}.Debug|x86.Build.0 = Debug|Any CPU
		{E131D9B5-D7F5-45A2-8A1E-899F375D5AAB}.Release|Any CPU.ActiveCfg = Release|Any CPU
		{E131D9B5-D7F5-45A2-8A1E-899F375D5AAB}.Release|Any CPU.Build.0 = Release|Any CPU
		{E131D9B5-D7F5-45A2-8A1E-899F375D5AAB}.Release|x86.ActiveCfg = Release|Any CPU
		{E131D9B5-D7F5-45A2-8A1E-899F375D5AAB}.Release|x86.Build.0 = Release|Any CPU
		{A66DB7B9-6FA6-42C0-897A-3EFCE7DC14A0}.Debug|Any CPU.ActiveCfg = Debug|Any CPU
		{A66DB7B9-6FA6-42C0-897A-3EFCE7DC14A0}.Debug|Any CPU.Build.0 = Debug|Any CPU
		{A66DB7B9-6FA6-42C0-897A-3EFCE7DC14A0}.Debug|x86.ActiveCfg = Debug|Any CPU
		{A66DB7B9-6FA6-42C0-897A-3EFCE7DC14A0}.Debug|x86.Build.0 = Debug|Any CPU
		{A66DB7B9-6FA6-42C0-897A-3EFCE7DC14A0}.Release|Any CPU.ActiveCfg = Release|Any CPU
		{A66DB7B9-6FA6-42C0-897A-3EFCE7DC14A0}.Release|Any CPU.Build.0 = Release|Any CPU
		{A66DB7B9-6FA6-42C0-897A-3EFCE7DC14A0}.Release|x86.ActiveCfg = Release|Any CPU
		{A66DB7B9-6FA6-42C0-897A-3EFCE7DC14A0}.Release|x86.Build.0 = Release|Any CPU
		{F3F184EF-B157-4D5B-9B6A-4E35FEC00C0E}.Debug|Any CPU.ActiveCfg = Debug|Any CPU
		{F3F184EF-B157-4D5B-9B6A-4E35FEC00C0E}.Debug|Any CPU.Build.0 = Debug|Any CPU
		{F3F184EF-B157-4D5B-9B6A-4E35FEC00C0E}.Debug|x86.ActiveCfg = Debug|Any CPU
		{F3F184EF-B157-4D5B-9B6A-4E35FEC00C0E}.Debug|x86.Build.0 = Debug|Any CPU
		{F3F184EF-B157-4D5B-9B6A-4E35FEC00C0E}.Release|Any CPU.ActiveCfg = Release|Any CPU
		{F3F184EF-B157-4D5B-9B6A-4E35FEC00C0E}.Release|Any CPU.Build.0 = Release|Any CPU
		{F3F184EF-B157-4D5B-9B6A-4E35FEC00C0E}.Release|x86.ActiveCfg = Release|Any CPU
		{F3F184EF-B157-4D5B-9B6A-4E35FEC00C0E}.Release|x86.Build.0 = Release|Any CPU
		{D86232E9-B0EF-4885-A40A-A9AE384DCC5B}.Debug|Any CPU.ActiveCfg = Debug|Any CPU
		{D86232E9-B0EF-4885-A40A-A9AE384DCC5B}.Debug|Any CPU.Build.0 = Debug|Any CPU
		{D86232E9-B0EF-4885-A40A-A9AE384DCC5B}.Debug|x86.ActiveCfg = Debug|Any CPU
		{D86232E9-B0EF-4885-A40A-A9AE384DCC5B}.Debug|x86.Build.0 = Debug|Any CPU
		{D86232E9-B0EF-4885-A40A-A9AE384DCC5B}.Release|Any CPU.ActiveCfg = Release|Any CPU
		{D86232E9-B0EF-4885-A40A-A9AE384DCC5B}.Release|Any CPU.Build.0 = Release|Any CPU
		{D86232E9-B0EF-4885-A40A-A9AE384DCC5B}.Release|x86.ActiveCfg = Release|Any CPU
		{D86232E9-B0EF-4885-A40A-A9AE384DCC5B}.Release|x86.Build.0 = Release|Any CPU
		{A87114E6-0E43-42F9-B0A2-526275A1BA15}.Debug|Any CPU.ActiveCfg = Debug|Any CPU
		{A87114E6-0E43-42F9-B0A2-526275A1BA15}.Debug|Any CPU.Build.0 = Debug|Any CPU
		{A87114E6-0E43-42F9-B0A2-526275A1BA15}.Debug|x86.ActiveCfg = Debug|Any CPU
		{A87114E6-0E43-42F9-B0A2-526275A1BA15}.Debug|x86.Build.0 = Debug|Any CPU
		{A87114E6-0E43-42F9-B0A2-526275A1BA15}.Release|Any CPU.ActiveCfg = Release|Any CPU
		{A87114E6-0E43-42F9-B0A2-526275A1BA15}.Release|Any CPU.Build.0 = Release|Any CPU
		{A87114E6-0E43-42F9-B0A2-526275A1BA15}.Release|x86.ActiveCfg = Release|Any CPU
		{A87114E6-0E43-42F9-B0A2-526275A1BA15}.Release|x86.Build.0 = Release|Any CPU
		{A05B3A58-713B-4BB6-A76D-D78E3819B032}.Debug|Any CPU.ActiveCfg = Debug|Any CPU
		{A05B3A58-713B-4BB6-A76D-D78E3819B032}.Debug|Any CPU.Build.0 = Debug|Any CPU
		{A05B3A58-713B-4BB6-A76D-D78E3819B032}.Debug|x86.ActiveCfg = Debug|Any CPU
		{A05B3A58-713B-4BB6-A76D-D78E3819B032}.Debug|x86.Build.0 = Debug|Any CPU
		{A05B3A58-713B-4BB6-A76D-D78E3819B032}.Release|Any CPU.ActiveCfg = Release|Any CPU
		{A05B3A58-713B-4BB6-A76D-D78E3819B032}.Release|Any CPU.Build.0 = Release|Any CPU
		{A05B3A58-713B-4BB6-A76D-D78E3819B032}.Release|x86.ActiveCfg = Release|Any CPU
		{A05B3A58-713B-4BB6-A76D-D78E3819B032}.Release|x86.Build.0 = Release|Any CPU
		{289C7775-D2C4-4E87-823D-B703D20D9F3A}.Debug|Any CPU.ActiveCfg = Debug|Any CPU
		{289C7775-D2C4-4E87-823D-B703D20D9F3A}.Debug|Any CPU.Build.0 = Debug|Any CPU
		{289C7775-D2C4-4E87-823D-B703D20D9F3A}.Debug|x86.ActiveCfg = Debug|Any CPU
		{289C7775-D2C4-4E87-823D-B703D20D9F3A}.Debug|x86.Build.0 = Debug|Any CPU
		{289C7775-D2C4-4E87-823D-B703D20D9F3A}.Release|Any CPU.ActiveCfg = Release|Any CPU
		{289C7775-D2C4-4E87-823D-B703D20D9F3A}.Release|Any CPU.Build.0 = Release|Any CPU
		{289C7775-D2C4-4E87-823D-B703D20D9F3A}.Release|x86.ActiveCfg = Release|Any CPU
		{289C7775-D2C4-4E87-823D-B703D20D9F3A}.Release|x86.Build.0 = Release|Any CPU
		{7CA3ED3F-8C0F-46CC-923D-36E3477ED0A5}.Debug|Any CPU.ActiveCfg = Debug|Any CPU
		{7CA3ED3F-8C0F-46CC-923D-36E3477ED0A5}.Debug|Any CPU.Build.0 = Debug|Any CPU
		{7CA3ED3F-8C0F-46CC-923D-36E3477ED0A5}.Debug|x86.ActiveCfg = Debug|Any CPU
		{7CA3ED3F-8C0F-46CC-923D-36E3477ED0A5}.Debug|x86.Build.0 = Debug|Any CPU
		{7CA3ED3F-8C0F-46CC-923D-36E3477ED0A5}.Release|Any CPU.ActiveCfg = Release|Any CPU
		{7CA3ED3F-8C0F-46CC-923D-36E3477ED0A5}.Release|Any CPU.Build.0 = Release|Any CPU
		{7CA3ED3F-8C0F-46CC-923D-36E3477ED0A5}.Release|x86.ActiveCfg = Release|Any CPU
		{7CA3ED3F-8C0F-46CC-923D-36E3477ED0A5}.Release|x86.Build.0 = Release|Any CPU
		{AED29922-973B-40D4-A0D1-1A2C0D7CCAE1}.Debug|Any CPU.ActiveCfg = Debug|Any CPU
		{AED29922-973B-40D4-A0D1-1A2C0D7CCAE1}.Debug|Any CPU.Build.0 = Debug|Any CPU
		{AED29922-973B-40D4-A0D1-1A2C0D7CCAE1}.Debug|x86.ActiveCfg = Debug|Any CPU
		{AED29922-973B-40D4-A0D1-1A2C0D7CCAE1}.Debug|x86.Build.0 = Debug|Any CPU
		{AED29922-973B-40D4-A0D1-1A2C0D7CCAE1}.Release|Any CPU.ActiveCfg = Release|Any CPU
		{AED29922-973B-40D4-A0D1-1A2C0D7CCAE1}.Release|Any CPU.Build.0 = Release|Any CPU
		{AED29922-973B-40D4-A0D1-1A2C0D7CCAE1}.Release|x86.ActiveCfg = Release|Any CPU
		{AED29922-973B-40D4-A0D1-1A2C0D7CCAE1}.Release|x86.Build.0 = Release|Any CPU
		{7EA8B42A-5BE2-476D-9BE8-DEEE11F67108}.Debug|Any CPU.ActiveCfg = Debug|Any CPU
		{7EA8B42A-5BE2-476D-9BE8-DEEE11F67108}.Debug|Any CPU.Build.0 = Debug|Any CPU
		{7EA8B42A-5BE2-476D-9BE8-DEEE11F67108}.Debug|x86.ActiveCfg = Debug|Any CPU
		{7EA8B42A-5BE2-476D-9BE8-DEEE11F67108}.Debug|x86.Build.0 = Debug|Any CPU
		{7EA8B42A-5BE2-476D-9BE8-DEEE11F67108}.Release|Any CPU.ActiveCfg = Release|Any CPU
		{7EA8B42A-5BE2-476D-9BE8-DEEE11F67108}.Release|Any CPU.Build.0 = Release|Any CPU
		{7EA8B42A-5BE2-476D-9BE8-DEEE11F67108}.Release|x86.ActiveCfg = Release|Any CPU
		{7EA8B42A-5BE2-476D-9BE8-DEEE11F67108}.Release|x86.Build.0 = Release|Any CPU
		{5EA306E7-5BBA-4605-A902-5B5FFB4C279E}.Debug|Any CPU.ActiveCfg = Debug|Any CPU
		{5EA306E7-5BBA-4605-A902-5B5FFB4C279E}.Debug|Any CPU.Build.0 = Debug|Any CPU
		{5EA306E7-5BBA-4605-A902-5B5FFB4C279E}.Debug|x86.ActiveCfg = Debug|Any CPU
		{5EA306E7-5BBA-4605-A902-5B5FFB4C279E}.Debug|x86.Build.0 = Debug|Any CPU
		{5EA306E7-5BBA-4605-A902-5B5FFB4C279E}.Release|Any CPU.ActiveCfg = Release|Any CPU
		{5EA306E7-5BBA-4605-A902-5B5FFB4C279E}.Release|Any CPU.Build.0 = Release|Any CPU
		{5EA306E7-5BBA-4605-A902-5B5FFB4C279E}.Release|x86.ActiveCfg = Release|Any CPU
		{5EA306E7-5BBA-4605-A902-5B5FFB4C279E}.Release|x86.Build.0 = Release|Any CPU
		{C4D7AF4A-109E-4EBB-A045-E4F4EC78875E}.Debug|Any CPU.ActiveCfg = Debug|Any CPU
		{C4D7AF4A-109E-4EBB-A045-E4F4EC78875E}.Debug|Any CPU.Build.0 = Debug|Any CPU
		{C4D7AF4A-109E-4EBB-A045-E4F4EC78875E}.Debug|x86.ActiveCfg = Debug|Any CPU
		{C4D7AF4A-109E-4EBB-A045-E4F4EC78875E}.Debug|x86.Build.0 = Debug|Any CPU
		{C4D7AF4A-109E-4EBB-A045-E4F4EC78875E}.Release|Any CPU.ActiveCfg = Release|Any CPU
		{C4D7AF4A-109E-4EBB-A045-E4F4EC78875E}.Release|Any CPU.Build.0 = Release|Any CPU
		{C4D7AF4A-109E-4EBB-A045-E4F4EC78875E}.Release|x86.ActiveCfg = Release|Any CPU
		{C4D7AF4A-109E-4EBB-A045-E4F4EC78875E}.Release|x86.Build.0 = Release|Any CPU
		{5FE9A826-1D56-420F-8843-267668EA79D8}.Debug|Any CPU.ActiveCfg = Debug|Any CPU
		{5FE9A826-1D56-420F-8843-267668EA79D8}.Debug|Any CPU.Build.0 = Debug|Any CPU
		{5FE9A826-1D56-420F-8843-267668EA79D8}.Debug|x86.ActiveCfg = Debug|Any CPU
		{5FE9A826-1D56-420F-8843-267668EA79D8}.Debug|x86.Build.0 = Debug|Any CPU
		{5FE9A826-1D56-420F-8843-267668EA79D8}.Release|Any CPU.ActiveCfg = Release|Any CPU
		{5FE9A826-1D56-420F-8843-267668EA79D8}.Release|Any CPU.Build.0 = Release|Any CPU
		{5FE9A826-1D56-420F-8843-267668EA79D8}.Release|x86.ActiveCfg = Release|Any CPU
		{5FE9A826-1D56-420F-8843-267668EA79D8}.Release|x86.Build.0 = Release|Any CPU
		{502AC966-1FCE-4299-9A39-72B7F7998EC0}.Debug|Any CPU.ActiveCfg = Debug|Any CPU
		{502AC966-1FCE-4299-9A39-72B7F7998EC0}.Debug|Any CPU.Build.0 = Debug|Any CPU
		{502AC966-1FCE-4299-9A39-72B7F7998EC0}.Debug|x86.ActiveCfg = Debug|Any CPU
		{502AC966-1FCE-4299-9A39-72B7F7998EC0}.Debug|x86.Build.0 = Debug|Any CPU
		{502AC966-1FCE-4299-9A39-72B7F7998EC0}.Release|Any CPU.ActiveCfg = Release|Any CPU
		{502AC966-1FCE-4299-9A39-72B7F7998EC0}.Release|Any CPU.Build.0 = Release|Any CPU
		{502AC966-1FCE-4299-9A39-72B7F7998EC0}.Release|x86.ActiveCfg = Release|Any CPU
		{502AC966-1FCE-4299-9A39-72B7F7998EC0}.Release|x86.Build.0 = Release|Any CPU
		{A380967F-1972-411D-83F8-7A014606226D}.Debug|Any CPU.ActiveCfg = Debug|Any CPU
		{A380967F-1972-411D-83F8-7A014606226D}.Debug|Any CPU.Build.0 = Debug|Any CPU
		{A380967F-1972-411D-83F8-7A014606226D}.Debug|x86.ActiveCfg = Debug|Any CPU
		{A380967F-1972-411D-83F8-7A014606226D}.Debug|x86.Build.0 = Debug|Any CPU
		{A380967F-1972-411D-83F8-7A014606226D}.Release|Any CPU.ActiveCfg = Release|Any CPU
		{A380967F-1972-411D-83F8-7A014606226D}.Release|Any CPU.Build.0 = Release|Any CPU
		{A380967F-1972-411D-83F8-7A014606226D}.Release|x86.ActiveCfg = Release|Any CPU
		{A380967F-1972-411D-83F8-7A014606226D}.Release|x86.Build.0 = Release|Any CPU
		{110D3306-1CDD-474E-A47C-9589F35C6A56}.Debug|Any CPU.ActiveCfg = Debug|Any CPU
		{110D3306-1CDD-474E-A47C-9589F35C6A56}.Debug|Any CPU.Build.0 = Debug|Any CPU
		{110D3306-1CDD-474E-A47C-9589F35C6A56}.Debug|x86.ActiveCfg = Debug|Any CPU
		{110D3306-1CDD-474E-A47C-9589F35C6A56}.Debug|x86.Build.0 = Debug|Any CPU
		{110D3306-1CDD-474E-A47C-9589F35C6A56}.Release|Any CPU.ActiveCfg = Release|Any CPU
		{110D3306-1CDD-474E-A47C-9589F35C6A56}.Release|Any CPU.Build.0 = Release|Any CPU
		{110D3306-1CDD-474E-A47C-9589F35C6A56}.Release|x86.ActiveCfg = Release|Any CPU
		{110D3306-1CDD-474E-A47C-9589F35C6A56}.Release|x86.Build.0 = Release|Any CPU
		{A50F50F8-F994-42CA-9A5D-395D7AE1E938}.Debug|Any CPU.ActiveCfg = Debug|Any CPU
		{A50F50F8-F994-42CA-9A5D-395D7AE1E938}.Debug|Any CPU.Build.0 = Debug|Any CPU
		{A50F50F8-F994-42CA-9A5D-395D7AE1E938}.Debug|x86.ActiveCfg = Debug|Any CPU
		{A50F50F8-F994-42CA-9A5D-395D7AE1E938}.Debug|x86.Build.0 = Debug|Any CPU
		{A50F50F8-F994-42CA-9A5D-395D7AE1E938}.Release|Any CPU.ActiveCfg = Release|Any CPU
		{A50F50F8-F994-42CA-9A5D-395D7AE1E938}.Release|Any CPU.Build.0 = Release|Any CPU
		{A50F50F8-F994-42CA-9A5D-395D7AE1E938}.Release|x86.ActiveCfg = Release|Any CPU
		{A50F50F8-F994-42CA-9A5D-395D7AE1E938}.Release|x86.Build.0 = Release|Any CPU
		{B5459FDE-1D79-4E56-8DA8-8896AF4CD22A}.Debug|Any CPU.ActiveCfg = Debug|Any CPU
		{B5459FDE-1D79-4E56-8DA8-8896AF4CD22A}.Debug|Any CPU.Build.0 = Debug|Any CPU
		{B5459FDE-1D79-4E56-8DA8-8896AF4CD22A}.Debug|x86.ActiveCfg = Debug|Any CPU
		{B5459FDE-1D79-4E56-8DA8-8896AF4CD22A}.Debug|x86.Build.0 = Debug|Any CPU
		{B5459FDE-1D79-4E56-8DA8-8896AF4CD22A}.Release|Any CPU.ActiveCfg = Release|Any CPU
		{B5459FDE-1D79-4E56-8DA8-8896AF4CD22A}.Release|Any CPU.Build.0 = Release|Any CPU
		{B5459FDE-1D79-4E56-8DA8-8896AF4CD22A}.Release|x86.ActiveCfg = Release|Any CPU
		{B5459FDE-1D79-4E56-8DA8-8896AF4CD22A}.Release|x86.Build.0 = Release|Any CPU
		{2025AC55-C47D-4943-A263-620079405399}.Debug|Any CPU.ActiveCfg = Debug|Any CPU
		{2025AC55-C47D-4943-A263-620079405399}.Debug|Any CPU.Build.0 = Debug|Any CPU
		{2025AC55-C47D-4943-A263-620079405399}.Debug|x86.ActiveCfg = Debug|Any CPU
		{2025AC55-C47D-4943-A263-620079405399}.Debug|x86.Build.0 = Debug|Any CPU
		{2025AC55-C47D-4943-A263-620079405399}.Release|Any CPU.ActiveCfg = Release|Any CPU
		{2025AC55-C47D-4943-A263-620079405399}.Release|Any CPU.Build.0 = Release|Any CPU
		{2025AC55-C47D-4943-A263-620079405399}.Release|x86.ActiveCfg = Release|Any CPU
		{2025AC55-C47D-4943-A263-620079405399}.Release|x86.Build.0 = Release|Any CPU
		{B9DAA472-C1DF-4E98-B0B5-41A6EBF42312}.Debug|Any CPU.ActiveCfg = Debug|Any CPU
		{B9DAA472-C1DF-4E98-B0B5-41A6EBF42312}.Debug|Any CPU.Build.0 = Debug|Any CPU
		{B9DAA472-C1DF-4E98-B0B5-41A6EBF42312}.Debug|x86.ActiveCfg = Debug|Any CPU
		{B9DAA472-C1DF-4E98-B0B5-41A6EBF42312}.Debug|x86.Build.0 = Debug|Any CPU
		{B9DAA472-C1DF-4E98-B0B5-41A6EBF42312}.Release|Any CPU.ActiveCfg = Release|Any CPU
		{B9DAA472-C1DF-4E98-B0B5-41A6EBF42312}.Release|Any CPU.Build.0 = Release|Any CPU
		{B9DAA472-C1DF-4E98-B0B5-41A6EBF42312}.Release|x86.ActiveCfg = Release|Any CPU
		{B9DAA472-C1DF-4E98-B0B5-41A6EBF42312}.Release|x86.Build.0 = Release|Any CPU
		{5E4B5BE3-A765-4B7B-94BF-1CB74BF9DE33}.Debug|Any CPU.ActiveCfg = Debug|Any CPU
		{5E4B5BE3-A765-4B7B-94BF-1CB74BF9DE33}.Debug|Any CPU.Build.0 = Debug|Any CPU
		{5E4B5BE3-A765-4B7B-94BF-1CB74BF9DE33}.Debug|x86.ActiveCfg = Debug|Any CPU
		{5E4B5BE3-A765-4B7B-94BF-1CB74BF9DE33}.Debug|x86.Build.0 = Debug|Any CPU
		{5E4B5BE3-A765-4B7B-94BF-1CB74BF9DE33}.Release|Any CPU.ActiveCfg = Release|Any CPU
		{5E4B5BE3-A765-4B7B-94BF-1CB74BF9DE33}.Release|Any CPU.Build.0 = Release|Any CPU
		{5E4B5BE3-A765-4B7B-94BF-1CB74BF9DE33}.Release|x86.ActiveCfg = Release|Any CPU
		{5E4B5BE3-A765-4B7B-94BF-1CB74BF9DE33}.Release|x86.Build.0 = Release|Any CPU
		{D4BD49BF-44E8-4B48-B75A-22C75C4A5A99}.Debug|Any CPU.ActiveCfg = Debug|Any CPU
		{D4BD49BF-44E8-4B48-B75A-22C75C4A5A99}.Debug|Any CPU.Build.0 = Debug|Any CPU
		{D4BD49BF-44E8-4B48-B75A-22C75C4A5A99}.Debug|x86.ActiveCfg = Debug|Any CPU
		{D4BD49BF-44E8-4B48-B75A-22C75C4A5A99}.Debug|x86.Build.0 = Debug|Any CPU
		{D4BD49BF-44E8-4B48-B75A-22C75C4A5A99}.Release|Any CPU.ActiveCfg = Release|Any CPU
		{D4BD49BF-44E8-4B48-B75A-22C75C4A5A99}.Release|Any CPU.Build.0 = Release|Any CPU
		{D4BD49BF-44E8-4B48-B75A-22C75C4A5A99}.Release|x86.ActiveCfg = Release|Any CPU
		{D4BD49BF-44E8-4B48-B75A-22C75C4A5A99}.Release|x86.Build.0 = Release|Any CPU
		{97FA7920-2CE0-43F8-8695-742A017333C4}.Debug|Any CPU.ActiveCfg = Debug|Any CPU
		{97FA7920-2CE0-43F8-8695-742A017333C4}.Debug|Any CPU.Build.0 = Debug|Any CPU
		{97FA7920-2CE0-43F8-8695-742A017333C4}.Debug|x86.ActiveCfg = Debug|Any CPU
		{97FA7920-2CE0-43F8-8695-742A017333C4}.Debug|x86.Build.0 = Debug|Any CPU
		{97FA7920-2CE0-43F8-8695-742A017333C4}.Release|Any CPU.ActiveCfg = Release|Any CPU
		{97FA7920-2CE0-43F8-8695-742A017333C4}.Release|Any CPU.Build.0 = Release|Any CPU
		{97FA7920-2CE0-43F8-8695-742A017333C4}.Release|x86.ActiveCfg = Release|Any CPU
		{97FA7920-2CE0-43F8-8695-742A017333C4}.Release|x86.Build.0 = Release|Any CPU
		{95310ECC-935A-48C2-B2E2-19B4F77DF144}.Debug|Any CPU.ActiveCfg = Debug|Any CPU
		{95310ECC-935A-48C2-B2E2-19B4F77DF144}.Debug|Any CPU.Build.0 = Debug|Any CPU
		{95310ECC-935A-48C2-B2E2-19B4F77DF144}.Debug|x86.ActiveCfg = Debug|Any CPU
		{95310ECC-935A-48C2-B2E2-19B4F77DF144}.Debug|x86.Build.0 = Debug|Any CPU
		{95310ECC-935A-48C2-B2E2-19B4F77DF144}.Release|Any CPU.ActiveCfg = Release|Any CPU
		{95310ECC-935A-48C2-B2E2-19B4F77DF144}.Release|Any CPU.Build.0 = Release|Any CPU
		{95310ECC-935A-48C2-B2E2-19B4F77DF144}.Release|x86.ActiveCfg = Release|Any CPU
		{95310ECC-935A-48C2-B2E2-19B4F77DF144}.Release|x86.Build.0 = Release|Any CPU
	EndGlobalSection
	GlobalSection(SolutionProperties) = preSolution
		HideSolutionNode = FALSE
	EndGlobalSection
	GlobalSection(NestedProjects) = preSolution
		{BCA93D64-ABA3-4729-A7E0-DB8182F48FB4} = {BFE98EBB-7C30-4D66-BCBB-0B66463D2A0A}
		{0EAEFF00-AAFF-4FA9-907E-9B38E08AB769} = {BFE98EBB-7C30-4D66-BCBB-0B66463D2A0A}
		{2A5A3B03-DFD6-4E27-9F66-B891882F6A4D} = {BFE98EBB-7C30-4D66-BCBB-0B66463D2A0A}
		{A75C33C5-8E69-40BB-A2E5-68395BC81675} = {24F498DF-E8AF-463B-9DEB-FAEF20379519}
		{217EAA0C-ED95-41F1-BF23-F5DAA07B7615} = {24F498DF-E8AF-463B-9DEB-FAEF20379519}
		{F2BBED8F-6471-44CA-8A36-BB09BBB3257A} = {24F498DF-E8AF-463B-9DEB-FAEF20379519}
		{50B641F6-2CE1-45D0-BAD1-0AB6052905C2} = {3A80AE25-BC9C-4B69-8C5D-A2EF7D748E1D}
		{5953EE7E-9B6B-4BF9-BCDD-305197B45DD0} = {3A80AE25-BC9C-4B69-8C5D-A2EF7D748E1D}
		{3BBF988B-E3BD-4534-B396-88D9FB602EF5} = {3A80AE25-BC9C-4B69-8C5D-A2EF7D748E1D}
		{54550FA2-91BA-4AF6-AD49-53A9CE067A86} = {C0EB190D-1FF1-445F-8463-43864BB500DF}
		{3B0C52FE-7DBD-45DC-A94C-16FE79B5BE3C} = {C0EB190D-1FF1-445F-8463-43864BB500DF}
		{B537F340-4736-428C-8C42-FACBB7CA4702} = {956E299E-151D-4E17-8CED-C22E4DC6BF73}
		{93C4E976-CF06-4B58-9AF8-0BABD6BB3853} = {956E299E-151D-4E17-8CED-C22E4DC6BF73}
		{0973157F-971B-4DB5-B9EC-A804CF42CD8D} = {B2313E30-BBBC-4B0C-98E2-46723B6DDD6E}
		{61406977-9BB8-4EC2-B81D-35F7439509D8} = {956E299E-151D-4E17-8CED-C22E4DC6BF73}
		{8BC94F15-E7E5-41E5-A671-73F9F1CB43D5} = {956E299E-151D-4E17-8CED-C22E4DC6BF73}
		{6D9997EB-397C-4050-BB61-14B717382F47} = {B2313E30-BBBC-4B0C-98E2-46723B6DDD6E}
		{D068BC40-9D9F-41F4-A3EB-2734572FCA2A} = {B2313E30-BBBC-4B0C-98E2-46723B6DDD6E}
		{CE2B614D-EE7A-40EC-9E42-A5BF0F4BA6EF} = {F9DBE272-AB64-4388-97EB-0892E4947649}
		{E131D9B5-D7F5-45A2-8A1E-899F375D5AAB} = {F9DBE272-AB64-4388-97EB-0892E4947649}
		{A66DB7B9-6FA6-42C0-897A-3EFCE7DC14A0} = {2382D88C-B085-471F-B1D5-E9165C51C3EC}
		{F3F184EF-B157-4D5B-9B6A-4E35FEC00C0E} = {2382D88C-B085-471F-B1D5-E9165C51C3EC}
		{D86232E9-B0EF-4885-A40A-A9AE384DCC5B} = {F6D62340-5900-4A26-AF48-99481AC15A21}
		{A87114E6-0E43-42F9-B0A2-526275A1BA15} = {F6D62340-5900-4A26-AF48-99481AC15A21}
		{A05B3A58-713B-4BB6-A76D-D78E3819B032} = {640BBA44-7AF6-447C-B1B7-EF1466094F34}
		{289C7775-D2C4-4E87-823D-B703D20D9F3A} = {640BBA44-7AF6-447C-B1B7-EF1466094F34}
		{7CA3ED3F-8C0F-46CC-923D-36E3477ED0A5} = {DB5A17F6-610F-4456-99AC-62B094B7C330}
		{AED29922-973B-40D4-A0D1-1A2C0D7CCAE1} = {DB5A17F6-610F-4456-99AC-62B094B7C330}
		{7EA8B42A-5BE2-476D-9BE8-DEEE11F67108} = {DB5A17F6-610F-4456-99AC-62B094B7C330}
		{5EA306E7-5BBA-4605-A902-5B5FFB4C279E} = {A722D38A-E8CB-43CC-B4B5-BABDD84A8F26}
		{C4D7AF4A-109E-4EBB-A045-E4F4EC78875E} = {7C0CA2B4-63E0-4725-9FE1-61A76100CE61}
		{5FE9A826-1D56-420F-8843-267668EA79D8} = {175E3352-F154-4A46-95D9-92A2F93AD029}
		{502AC966-1FCE-4299-9A39-72B7F7998EC0} = {175E3352-F154-4A46-95D9-92A2F93AD029}
		{A380967F-1972-411D-83F8-7A014606226D} = {96E2E116-6A68-4612-9B30-D48301C7DDE5}
		{110D3306-1CDD-474E-A47C-9589F35C6A56} = {0CE9813A-F1E9-45BF-B7B7-6465B17F38CD}
		{A50F50F8-F994-42CA-9A5D-395D7AE1E938} = {0CE9813A-F1E9-45BF-B7B7-6465B17F38CD}
		{B5459FDE-1D79-4E56-8DA8-8896AF4CD22A} = {0CE9813A-F1E9-45BF-B7B7-6465B17F38CD}
		{2025AC55-C47D-4943-A263-620079405399} = {B7DF1023-3D3E-4A9F-8673-933FE13076D5}
		{B9DAA472-C1DF-4E98-B0B5-41A6EBF42312} = {B7DF1023-3D3E-4A9F-8673-933FE13076D5}
		{5E4B5BE3-A765-4B7B-94BF-1CB74BF9DE33} = {0B1FC4F5-594F-4423-BEA3-062842886CEF}
		{D4BD49BF-44E8-4B48-B75A-22C75C4A5A99} = {96E2E116-6A68-4612-9B30-D48301C7DDE5}
		{97FA7920-2CE0-43F8-8695-742A017333C4} = {0B1FC4F5-594F-4423-BEA3-062842886CEF}
		{95310ECC-935A-48C2-B2E2-19B4F77DF144} = {0B1FC4F5-594F-4423-BEA3-062842886CEF}
	EndGlobalSection
	GlobalSection(ExtensibilityGlobals) = postSolution
		SolutionGuid = {FD56B648-DCC5-45F5-A968-0941AE274612}
	EndGlobalSection
EndGlobal
